
Microsoft Visual Studio Solution File, Format Version 12.00
# Visual Studio Version 16
VisualStudioVersion = 16.0.31624.102
MinimumVisualStudioVersion = 10.0.40219.1
Project("{FAE04EC0-301F-11D3-BF4B-00C04F79EFBC}") = "ShopBridgeTestAPI", "ShopBridgeTestAPI.csproj", "{4E68D483-77D4-4656-B7B2-FB7025A45F93}"
EndProject
Global
	GlobalSection(SolutionConfigurationPlatforms) = preSolution
		Debug|Any CPU = Debug|Any CPU
		Release|Any CPU = Release|Any CPU
	EndGlobalSection
	GlobalSection(ProjectConfigurationPlatforms) = postSolution
		{4E68D483-77D4-4656-B7B2-FB7025A45F93}.Debug|Any CPU.ActiveCfg = Debug|Any CPU
		{4E68D483-77D4-4656-B7B2-FB7025A45F93}.Debug|Any CPU.Build.0 = Debug|Any CPU
		{4E68D483-77D4-4656-B7B2-FB7025A45F93}.Release|Any CPU.ActiveCfg = Release|Any CPU
		{4E68D483-77D4-4656-B7B2-FB7025A45F93}.Release|Any CPU.Build.0 = Release|Any CPU
	EndGlobalSection
	GlobalSection(SolutionProperties) = preSolution
		HideSolutionNode = FALSE
	EndGlobalSection
	GlobalSection(ExtensibilityGlobals) = postSolution
		SolutionGuid = {A40C0FB9-4BA9-4C71-8B31-997DB3B223FF}
	EndGlobalSection
EndGlobal
